
Microsoft Visual Studio Solution File, Format Version 12.00
# Visual Studio 15
VisualStudioVersion = 15.0.27130.2010
MinimumVisualStudioVersion = 10.0.40219.1
Project("{9A19103F-16F7-4668-BE54-9A1E7A4F7556}") = "Punfai.Report", "src\Punfai.Report\Punfai.Report.csproj", "{35C97AFB-07F1-4502-87D2-A8D2D5528F9F}"
EndProject
Project("{9A19103F-16F7-4668-BE54-9A1E7A4F7556}") = "Punfai.Report.IronScript", "src\Punfai.Report.IronScript\Punfai.Report.IronScript.csproj", "{E399B76E-3ECE-4E3A-BA14-AEC7B89B6F73}"
EndProject
Project("{9A19103F-16F7-4668-BE54-9A1E7A4F7556}") = "Punfai.Report.OfficeOpenXml", "src\Punfai.Report.OfficeOpenXml\Punfai.Report.OfficeOpenXml.csproj", "{2EB70E45-DE20-4C55-B600-F7CF069898A1}"
EndProject
Project("{FAE04EC0-301F-11D3-BF4B-00C04F79EFBC}") = "Punfai.Report.Wpf", "src\Punfai.Report.Wpf\Punfai.Report.Wpf.csproj", "{86E03BE8-4840-4A3D-B2C1-EC3D8FB88325}"
EndProject
Project("{2150E333-8FDC-42A3-9474-1A3956D46DE8}") = "test", "test", "{2C2BA5BF-488B-4DD7-B39A-5AE53210DA30}"
EndProject
Project("{9A19103F-16F7-4668-BE54-9A1E7A4F7556}") = "PunReportTest", "test\PunReportTest\PunReportTest.csproj", "{7F31BC0C-3F7F-499C-8C28-DFA2DB7D325A}"
EndProject
Project("{2150E333-8FDC-42A3-9474-1A3956D46DE8}") = "demo", "demo", "{607D13C3-DC7D-437F-B7E5-B18B00EE0CC8}"
EndProject
Project("{FAE04EC0-301F-11D3-BF4B-00C04F79EFBC}") = "PunRunWpf", "demo\PunRunWpf\PunRunWpf.csproj", "{7B8F1D36-904F-43F1-9CC5-5ACDDB802A1D}"
EndProject
Project("{9A19103F-16F7-4668-BE54-9A1E7A4F7556}") = "Punfai.Report.Ibex", "src\Punfai.Report.Ibex\Punfai.Report.Ibex.csproj", "{07D5421A-82A0-4ED1-B40B-EC5675D93D0B}"
EndProject
Global
	GlobalSection(SolutionConfigurationPlatforms) = preSolution
		Debug|Any CPU = Debug|Any CPU
		Debug|x64 = Debug|x64
		Debug|x86 = Debug|x86
		Release|Any CPU = Release|Any CPU
		Release|x64 = Release|x64
		Release|x86 = Release|x86
	EndGlobalSection
	GlobalSection(ProjectConfigurationPlatforms) = postSolution
		{35C97AFB-07F1-4502-87D2-A8D2D5528F9F}.Debug|Any CPU.ActiveCfg = Debug|Any CPU
		{35C97AFB-07F1-4502-87D2-A8D2D5528F9F}.Debug|Any CPU.Build.0 = Debug|Any CPU
		{35C97AFB-07F1-4502-87D2-A8D2D5528F9F}.Debug|x64.ActiveCfg = Debug|Any CPU
		{35C97AFB-07F1-4502-87D2-A8D2D5528F9F}.Debug|x64.Build.0 = Debug|Any CPU
		{35C97AFB-07F1-4502-87D2-A8D2D5528F9F}.Debug|x86.ActiveCfg = Debug|Any CPU
		{35C97AFB-07F1-4502-87D2-A8D2D5528F9F}.Debug|x86.Build.0 = Debug|Any CPU
		{35C97AFB-07F1-4502-87D2-A8D2D5528F9F}.Release|Any CPU.ActiveCfg = Release|Any CPU
		{35C97AFB-07F1-4502-87D2-A8D2D5528F9F}.Release|Any CPU.Build.0 = Release|Any CPU
		{35C97AFB-07F1-4502-87D2-A8D2D5528F9F}.Release|x64.ActiveCfg = Release|Any CPU
		{35C97AFB-07F1-4502-87D2-A8D2D5528F9F}.Release|x64.Build.0 = Release|Any CPU
		{35C97AFB-07F1-4502-87D2-A8D2D5528F9F}.Release|x86.ActiveCfg = Release|Any CPU
		{35C97AFB-07F1-4502-87D2-A8D2D5528F9F}.Release|x86.Build.0 = Release|Any CPU
		{E399B76E-3ECE-4E3A-BA14-AEC7B89B6F73}.Debug|Any CPU.ActiveCfg = Debug|Any CPU
		{E399B76E-3ECE-4E3A-BA14-AEC7B89B6F73}.Debug|Any CPU.Build.0 = Debug|Any CPU
		{E399B76E-3ECE-4E3A-BA14-AEC7B89B6F73}.Debug|x64.ActiveCfg = Debug|Any CPU
		{E399B76E-3ECE-4E3A-BA14-AEC7B89B6F73}.Debug|x64.Build.0 = Debug|Any CPU
		{E399B76E-3ECE-4E3A-BA14-AEC7B89B6F73}.Debug|x86.ActiveCfg = Debug|Any CPU
		{E399B76E-3ECE-4E3A-BA14-AEC7B89B6F73}.Debug|x86.Build.0 = Debug|Any CPU
		{E399B76E-3ECE-4E3A-BA14-AEC7B89B6F73}.Release|Any CPU.ActiveCfg = Release|Any CPU
		{E399B76E-3ECE-4E3A-BA14-AEC7B89B6F73}.Release|Any CPU.Build.0 = Release|Any CPU
		{E399B76E-3ECE-4E3A-BA14-AEC7B89B6F73}.Release|x64.ActiveCfg = Release|Any CPU
		{E399B76E-3ECE-4E3A-BA14-AEC7B89B6F73}.Release|x64.Build.0 = Release|Any CPU
		{E399B76E-3ECE-4E3A-BA14-AEC7B89B6F73}.Release|x86.ActiveCfg = Release|Any CPU
		{E399B76E-3ECE-4E3A-BA14-AEC7B89B6F73}.Release|x86.Build.0 = Release|Any CPU
		{2EB70E45-DE20-4C55-B600-F7CF069898A1}.Debug|Any CPU.ActiveCfg = Debug|Any CPU
		{2EB70E45-DE20-4C55-B600-F7CF069898A1}.Debug|Any CPU.Build.0 = Debug|Any CPU
		{2EB70E45-DE20-4C55-B600-F7CF069898A1}.Debug|x64.ActiveCfg = Debug|Any CPU
		{2EB70E45-DE20-4C55-B600-F7CF069898A1}.Debug|x64.Build.0 = Debug|Any CPU
		{2EB70E45-DE20-4C55-B600-F7CF069898A1}.Debug|x86.ActiveCfg = Debug|Any CPU
		{2EB70E45-DE20-4C55-B600-F7CF069898A1}.Debug|x86.Build.0 = Debug|Any CPU
		{2EB70E45-DE20-4C55-B600-F7CF069898A1}.Release|Any CPU.ActiveCfg = Release|Any CPU
		{2EB70E45-DE20-4C55-B600-F7CF069898A1}.Release|Any CPU.Build.0 = Release|Any CPU
		{2EB70E45-DE20-4C55-B600-F7CF069898A1}.Release|x64.ActiveCfg = Release|Any CPU
		{2EB70E45-DE20-4C55-B600-F7CF069898A1}.Release|x64.Build.0 = Release|Any CPU
		{2EB70E45-DE20-4C55-B600-F7CF069898A1}.Release|x86.ActiveCfg = Release|Any CPU
		{2EB70E45-DE20-4C55-B600-F7CF069898A1}.Release|x86.Build.0 = Release|Any CPU
		{86E03BE8-4840-4A3D-B2C1-EC3D8FB88325}.Debug|Any CPU.ActiveCfg = Debug|Any CPU
		{86E03BE8-4840-4A3D-B2C1-EC3D8FB88325}.Debug|Any CPU.Build.0 = Debug|Any CPU
		{86E03BE8-4840-4A3D-B2C1-EC3D8FB88325}.Debug|x64.ActiveCfg = Debug|Any CPU
		{86E03BE8-4840-4A3D-B2C1-EC3D8FB88325}.Debug|x64.Build.0 = Debug|Any CPU
		{86E03BE8-4840-4A3D-B2C1-EC3D8FB88325}.Debug|x86.ActiveCfg = Debug|Any CPU
		{86E03BE8-4840-4A3D-B2C1-EC3D8FB88325}.Debug|x86.Build.0 = Debug|Any CPU
		{86E03BE8-4840-4A3D-B2C1-EC3D8FB88325}.Release|Any CPU.ActiveCfg = Release|Any CPU
		{86E03BE8-4840-4A3D-B2C1-EC3D8FB88325}.Release|Any CPU.Build.0 = Release|Any CPU
		{86E03BE8-4840-4A3D-B2C1-EC3D8FB88325}.Release|x64.ActiveCfg = Release|Any CPU
		{86E03BE8-4840-4A3D-B2C1-EC3D8FB88325}.Release|x64.Build.0 = Release|Any CPU
		{86E03BE8-4840-4A3D-B2C1-EC3D8FB88325}.Release|x86.ActiveCfg = Release|Any CPU
		{86E03BE8-4840-4A3D-B2C1-EC3D8FB88325}.Release|x86.Build.0 = Release|Any CPU
		{7F31BC0C-3F7F-499C-8C28-DFA2DB7D325A}.Debug|Any CPU.ActiveCfg = Debug|Any CPU
		{7F31BC0C-3F7F-499C-8C28-DFA2DB7D325A}.Debug|Any CPU.Build.0 = Debug|Any CPU
		{7F31BC0C-3F7F-499C-8C28-DFA2DB7D325A}.Debug|x64.ActiveCfg = Debug|Any CPU
		{7F31BC0C-3F7F-499C-8C28-DFA2DB7D325A}.Debug|x64.Build.0 = Debug|Any CPU
		{7F31BC0C-3F7F-499C-8C28-DFA2DB7D325A}.Debug|x86.ActiveCfg = Debug|Any CPU
		{7F31BC0C-3F7F-499C-8C28-DFA2DB7D325A}.Debug|x86.Build.0 = Debug|Any CPU
		{7F31BC0C-3F7F-499C-8C28-DFA2DB7D325A}.Release|Any CPU.ActiveCfg = Release|Any CPU
		{7F31BC0C-3F7F-499C-8C28-DFA2DB7D325A}.Release|Any CPU.Build.0 = Release|Any CPU
		{7F31BC0C-3F7F-499C-8C28-DFA2DB7D325A}.Release|x64.ActiveCfg = Release|Any CPU
		{7F31BC0C-3F7F-499C-8C28-DFA2DB7D325A}.Release|x64.Build.0 = Release|Any CPU
		{7F31BC0C-3F7F-499C-8C28-DFA2DB7D325A}.Release|x86.ActiveCfg = Release|Any CPU
		{7F31BC0C-3F7F-499C-8C28-DFA2DB7D325A}.Release|x86.Build.0 = Release|Any CPU
		{7B8F1D36-904F-43F1-9CC5-5ACDDB802A1D}.Debug|Any CPU.ActiveCfg = Debug|Any CPU
		{7B8F1D36-904F-43F1-9CC5-5ACDDB802A1D}.Debug|Any CPU.Build.0 = Debug|Any CPU
		{7B8F1D36-904F-43F1-9CC5-5ACDDB802A1D}.Debug|x64.ActiveCfg = Debug|Any CPU
		{7B8F1D36-904F-43F1-9CC5-5ACDDB802A1D}.Debug|x64.Build.0 = Debug|Any CPU
		{7B8F1D36-904F-43F1-9CC5-5ACDDB802A1D}.Debug|x86.ActiveCfg = Debug|Any CPU
		{7B8F1D36-904F-43F1-9CC5-5ACDDB802A1D}.Debug|x86.Build.0 = Debug|Any CPU
		{7B8F1D36-904F-43F1-9CC5-5ACDDB802A1D}.Release|Any CPU.ActiveCfg = Release|Any CPU
		{7B8F1D36-904F-43F1-9CC5-5ACDDB802A1D}.Release|Any CPU.Build.0 = Release|Any CPU
		{7B8F1D36-904F-43F1-9CC5-5ACDDB802A1D}.Release|x64.ActiveCfg = Release|Any CPU
		{7B8F1D36-904F-43F1-9CC5-5ACDDB802A1D}.Release|x64.Build.0 = Release|Any CPU
		{7B8F1D36-904F-43F1-9CC5-5ACDDB802A1D}.Release|x86.ActiveCfg = Release|Any CPU
		{7B8F1D36-904F-43F1-9CC5-5ACDDB802A1D}.Release|x86.Build.0 = Release|Any CPU
		{07D5421A-82A0-4ED1-B40B-EC5675D93D0B}.Debug|Any CPU.ActiveCfg = Debug|Any CPU
		{07D5421A-82A0-4ED1-B40B-EC5675D93D0B}.Debug|Any CPU.Build.0 = Debug|Any CPU
		{07D5421A-82A0-4ED1-B40B-EC5675D93D0B}.Debug|x64.ActiveCfg = Debug|Any CPU
		{07D5421A-82A0-4ED1-B40B-EC5675D93D0B}.Debug|x64.Build.0 = Debug|Any CPU
		{07D5421A-82A0-4ED1-B40B-EC5675D93D0B}.Debug|x86.ActiveCfg = Debug|Any CPU
		{07D5421A-82A0-4ED1-B40B-EC5675D93D0B}.Debug|x86.Build.0 = Debug|Any CPU
		{07D5421A-82A0-4ED1-B40B-EC5675D93D0B}.Release|Any CPU.ActiveCfg = Release|Any CPU
		{07D5421A-82A0-4ED1-B40B-EC5675D93D0B}.Release|Any CPU.Build.0 = Release|Any CPU
		{07D5421A-82A0-4ED1-B40B-EC5675D93D0B}.Release|x64.ActiveCfg = Release|Any CPU
		{07D5421A-82A0-4ED1-B40B-EC5675D93D0B}.Release|x64.Build.0 = Release|Any CPU
		{07D5421A-82A0-4ED1-B40B-EC5675D93D0B}.Release|x86.ActiveCfg = Release|Any CPU
		{07D5421A-82A0-4ED1-B40B-EC5675D93D0B}.Release|x86.Build.0 = Release|Any CPU
	EndGlobalSection
	GlobalSection(SolutionProperties) = preSolution
		HideSolutionNode = FALSE
	EndGlobalSection
	GlobalSection(NestedProjects) = preSolution
		{7F31BC0C-3F7F-499C-8C28-DFA2DB7D325A} = {2C2BA5BF-488B-4DD7-B39A-5AE53210DA30}
		{7B8F1D36-904F-43F1-9CC5-5ACDDB802A1D} = {607D13C3-DC7D-437F-B7E5-B18B00EE0CC8}
	EndGlobalSection
	GlobalSection(ExtensibilityGlobals) = postSolution
		SolutionGuid = {46D15E12-EA90-40E1-84A8-8458AC03CDF9}
	EndGlobalSection
EndGlobal
